# This file is generated by running "yarn install" inside your project.
# Manual changes might be lost - proceed with caution!

__metadata:
  version: 8
  cacheKey: 10c0

"@emnapi/core@npm:1.10.0":
  version: 1.10.0
  resolution: "@emnapi/core@npm:1.10.0"
  dependencies:
    "@emnapi/wasi-threads": "npm:1.2.1"
    tslib: "npm:^2.4.0"
  checksum: 10c0/f51d08227857b60632de7714d708124f0e100a1462dde6df8221760939aa3204a73193830371830fac0716f3ccd2129f2cac1b17cd7d7958bc4da9018a296edb
  languageName: node
  linkType: hard

"@emnapi/runtime@npm:1.10.0":
  version: 1.10.0
  resolution: "@emnapi/runtime@npm:1.10.0"
  dependencies:
    tslib: "npm:^2.4.0"
  checksum: 10c0/953f14991d1aefb92ee6f8eb27dea725e484791a53a0cb5f47d9e0087b9a2c929ff2e92adf95af15d6ad456db6300c6b761ebf72b50a875b874a83520b3ba093
  languageName: node
  linkType: hard

"@emnapi/wasi-threads@npm:1.2.1":
  version: 1.2.1
  resolution: "@emnapi/wasi-threads@npm:1.2.1"
  dependencies:
    tslib: "npm:^2.4.0"
  checksum: 10c0/32fcfa81ab396533b2ec1f4082b1ff779a05d9c836bbbd3f4398405b0e6814c0d9503b7993130e37bc6941dbc1ded49f55e9700ae9ca4e803bab2b5bc5deb331
  languageName: node
  linkType: hard

"@napi-rs/wasm-runtime@npm:1.1.4":
  version: 1.1.4
  resolution: "@napi-rs/wasm-runtime@npm:1.1.4"
  dependencies:
    "@tybys/wasm-util": "npm:^0.10.1"
  peerDependencies:
    "@emnapi/core": ^1.7.1
    "@emnapi/runtime": ^1.7.1
  checksum: 10c0/2e88e1955258949ccf2d18c79975821ad38071b465ef126a5e14110977b97868867b016c1ad046e963cccc42c0bd9db6c8ff5fd1ebb61b87bb3487f339041658
  languageName: node
  linkType: hard

"@rspack/binding-darwin-arm64@npm:2.0.6":
  version: 2.0.6
  resolution: "@rspack/binding-darwin-arm64@npm:2.0.6"
  conditions: os=darwin & cpu=arm64
  languageName: node
  linkType: hard

"@rspack/binding-darwin-x64@npm:2.0.6":
  version: 2.0.6
  resolution: "@rspack/binding-darwin-x64@npm:2.0.6"
  conditions: os=darwin & cpu=x64
  languageName: node
  linkType: hard

"@rspack/binding-linux-arm64-gnu@npm:2.0.6":
  version: 2.0.6
  resolution: "@rspack/binding-linux-arm64-gnu@npm:2.0.6"
  conditions: os=linux & cpu=arm64 & libc=glibc
  languageName: node
  linkType: hard

"@rspack/binding-linux-arm64-musl@npm:2.0.6":
  version: 2.0.6
  resolution: "@rspack/binding-linux-arm64-musl@npm:2.0.6"
  conditions: os=linux & cpu=arm64 & libc=musl
  languageName: node
  linkType: hard

"@rspack/binding-linux-x64-gnu@npm:2.0.6":
  version: 2.0.6
  resolution: "@rspack/binding-linux-x64-gnu@npm:2.0.6"
  conditions: os=linux & cpu=x64 & libc=glibc
  languageName: node
  linkType: hard

"@rspack/binding-linux-x64-musl@npm:2.0.6":
  version: 2.0.6
  resolution: "@rspack/binding-linux-x64-musl@npm:2.0.6"
  conditions: os=linux & cpu=x64 & libc=musl
  languageName: node
  linkType: hard

"@rspack/binding-wasm32-wasi@npm:2.0.6":
  version: 2.0.6
  resolution: "@rspack/binding-wasm32-wasi@npm:2.0.6"
  dependencies:
    "@emnapi/core": "npm:1.10.0"
    "@emnapi/runtime": "npm:1.10.0"
    "@napi-rs/wasm-runtime": "npm:1.1.4"
  conditions: cpu=wasm32
  languageName: node
  linkType: hard

"@rspack/binding-win32-arm64-msvc@npm:2.0.6":
  version: 2.0.6
  resolution: "@rspack/binding-win32-arm64-msvc@npm:2.0.6"
  conditions: os=win32 & cpu=arm64
  languageName: node
  linkType: hard

"@rspack/binding-win32-ia32-msvc@npm:2.0.6":
  version: 2.0.6
  resolution: "@rspack/binding-win32-ia32-msvc@npm:2.0.6"
  conditions: os=win32 & cpu=ia32
  languageName: node
  linkType: hard

"@rspack/binding-win32-x64-msvc@npm:2.0.6":
  version: 2.0.6
  resolution: "@rspack/binding-win32-x64-msvc@npm:2.0.6"
  conditions: os=win32 & cpu=x64
  languageName: node
  linkType: hard

"@rspack/binding@npm:2.0.6":
  version: 2.0.6
  resolution: "@rspack/binding@npm:2.0.6"
  dependencies:
    "@rspack/binding-darwin-arm64": "npm:2.0.6"
    "@rspack/binding-darwin-x64": "npm:2.0.6"
    "@rspack/binding-linux-arm64-gnu": "npm:2.0.6"
    "@rspack/binding-linux-arm64-musl": "npm:2.0.6"
    "@rspack/binding-linux-x64-gnu": "npm:2.0.6"
    "@rspack/binding-linux-x64-musl": "npm:2.0.6"
    "@rspack/binding-wasm32-wasi": "npm:2.0.6"
    "@rspack/binding-win32-arm64-msvc": "npm:2.0.6"
    "@rspack/binding-win32-ia32-msvc": "npm:2.0.6"
    "@rspack/binding-win32-x64-msvc": "npm:2.0.6"
  dependenciesMeta:
    "@rspack/binding-darwin-arm64":
      optional: true
    "@rspack/binding-darwin-x64":
      optional: true
    "@rspack/binding-linux-arm64-gnu":
      optional: true
    "@rspack/binding-linux-arm64-musl":
      optional: true
    "@rspack/binding-linux-x64-gnu":
      optional: true
    "@rspack/binding-linux-x64-musl":
      optional: true
    "@rspack/binding-wasm32-wasi":
      optional: true
    "@rspack/binding-win32-arm64-msvc":
      optional: true
    "@rspack/binding-win32-ia32-msvc":
      optional: true
    "@rspack/binding-win32-x64-msvc":
      optional: true
  checksum: 10c0/b6b7084327974e246c377c3a8012b5156ad6447484e5616de1b0a19a8598747deb7841a200b8336551f8ef73fa7523212db59f1ff21e76e2304ff6fb3f397d73
  languageName: node
  linkType: hard

"@rspack/cli@npm:^2.0.6":
  version: 2.0.6
  resolution: "@rspack/cli@npm:2.0.6"
  peerDependencies:
    "@rspack/core": ^2.0.0-0
    "@rspack/dev-server": ^2.0.0-0
  peerDependenciesMeta:
    "@rspack/dev-server":
      optional: true
  bin:
    rspack: ./bin/rspack.js
  checksum: 10c0/706ce5186a1cb09e22e4bd994839e677a6d7a42c4768266a6c54c5001a6d2ca839ee134b06edb374706c44425a7b602841fc54a867b506e9d6de6b00471403ea
  languageName: node
  linkType: hard

"@rspack/core@npm:^2.0.6":
  version: 2.0.6
  resolution: "@rspack/core@npm:2.0.6"
  dependencies:
    "@rspack/binding": "npm:2.0.6"
  peerDependencies:
    "@module-federation/runtime-tools": ^0.24.1 || ^2.0.0
    "@swc/helpers": ^0.5.23
  peerDependenciesMeta:
    "@module-federation/runtime-tools":
      optional: true
    "@swc/helpers":
      optional: true
  checksum: 10c0/a1e574103e1a6c053b450a5f3573a29892a7fcd3c215d446071ea59141261ccf7a261c115ab0b64e67934a5cc373936c2e0aa43603efc73bd323490b093c131a
  languageName: node
  linkType: hard

"@tybys/wasm-util@npm:^0.10.1":
  version: 0.10.2
  resolution: "@tybys/wasm-util@npm:0.10.2"
  dependencies:
    tslib: "npm:^2.4.0"
  checksum: 10c0/26165bcd1fd7269f42d7fbe3de318f854a8968de8397e89fc9a423bb3e2da35a52150f382e6323b3367595beb16d9800a6f35971a5599daf76da1742ec3afc25
  languageName: node
  linkType: hard

"another-awesome-logger@workspace:.":
  version: 0.0.0-use.local
  resolution: "another-awesome-logger@workspace:."
  dependencies:
    "@rspack/cli": "npm:^2.0.6"
    "@rspack/core": "npm:^2.0.6"
    typescript: "npm:^6.0.3"
  languageName: unknown
  linkType: soft

"tslib@npm:^2.4.0":
  version: 2.8.1
  resolution: "tslib@npm:2.8.1"
  checksum: 10c0/9c4759110a19c53f992d9aae23aac5ced636e99887b51b9e61def52611732872ff7668757d4e4c61f19691e36f4da981cd9485e869b4a7408d689f6bf1f14e62
  languageName: node
  linkType: hard

"typescript@npm:^6.0.3":
  version: 6.0.3
  resolution: "typescript@npm:6.0.3"
  bin:
    tsc: bin/tsc
    tsserver: bin/tsserver
  checksum: 10c0/4a25ff5045b984370f48f196b3a0120779b1b343d40b9a68d114ea5e5fff099809b2bb777576991a63a5cd59cf7bffd96ff6fe10afcefbcb8bd6fb96ad4b6606
  languageName: node
  linkType: hard

"typescript@patch:typescript@npm%3A^6.0.3#optional!builtin<compat/typescript>":
  version: 6.0.3
  resolution: "typescript@patch:typescript@npm%3A6.0.3#optional!builtin<compat/typescript>::version=6.0.3&hash=5786d5"
  bin:
    tsc: bin/tsc
    tsserver: bin/tsserver
  checksum: 10c0/2f25c74e65663c248fa1ade2b8459d9ce5372ff9dad07067310f132966ebec1d93f6c42f0baf77a6b6a7a91460463f708e6887013aaade22111037457c6b25df
  languageName: node
  linkType: hard
